// !$*UTF8*$!
{
	archiveVersion = 1;
	classes = {
	};
	objectVersion = 55;
	objects = {

/* Begin PBXBuildFile section */
		8C893C23276F6A4100615591 /* AppDelegate.swift in Sources */ = {isa = PBXBuildFile; fileRef = 8C893C22276F6A4100615591 /* AppDelegate.swift */; };
		8C893C25276F6A4100615591 /* SceneDelegate.swift in Sources */ = {isa = PBXBuildFile; fileRef = 8C893C24276F6A4100615591 /* SceneDelegate.swift */; };
		8C893C27276F6A4100615591 /* ViewController.swift in Sources */ = {isa = PBXBuildFile; fileRef = 8C893C26276F6A4100615591 /* ViewController.swift */; };
		8C893C2A276F6A4100615591 /* Main.storyboard in Resources */ = {isa = PBXBuildFile; fileRef = 8C893C28276F6A4100615591 /* Main.storyboard */; };
		8C893C2C276F6A4300615591 /* Assets.xcassets in Resources */ = {isa = PBXBuildFile; fileRef = 8C893C2B276F6A4300615591 /* Assets.xcassets */; };
		8C893C2F276F6A4300615591 /* LaunchScreen.storyboard in Resources */ = {isa = PBXBuildFile; fileRef = 8C893C2D276F6A4300615591 /* LaunchScreen.storyboard */; };
		8C893C3A276F6A4300615591 /* ScreenshotTests.swift in Sources */ = {isa = PBXBuildFile; fileRef = 8C893C39276F6A4300615591 /* ScreenshotTests.swift */; };
		8C893C44276F6A4300615591 /* ScreenshotUITests.swift in Sources */ = {isa = PBXBuildFile; fileRef = 8C893C43276F6A4300615591 /* ScreenshotUITests.swift */; };
		8C893C46276F6A4300615591 /* ScreenshotUITestsLaunchTests.swift in Sources */ = {isa = PBXBuildFile; fileRef = 8C893C45276F6A4300615591 /* ScreenshotUITestsLaunchTests.swift */; };
/* End PBXBuildFile section */

/* Begin PBXContainerItemProxy section */
		8C893C36276F6A4300615591 /* PBXContainerItemProxy */ = {
			isa = PBXContainerItemProxy;
			containerPortal = 8C893C17276F6A4100615591 /* Project object */;
			proxyType = 1;
			remoteGlobalIDString = 8C893C1E276F6A4100615591;
			remoteInfo = Screenshot;
		};
		8C893C40276F6A4300615591 /* PBXContainerItemProxy */ = {
			isa = PBXContainerItemProxy;
			containerPortal = 8C893C17276F6A4100615591 /* Project object */;
			proxyType = 1;
			remoteGlobalIDString = 8C893C1E276F6A4100615591;
			remoteInfo = Screenshot;
		};
/* End PBXContainerItemProxy section */

/* Begin PBXFileReference section */
		8C893C1F276F6A4100615591 /* Screenshot.app */ = {isa = PBXFileReference; explicitFileType = wrapper.application; includeInIndex = 0; path = Screenshot.app; sourceTree = BUILT_PRODUCTS_DIR; };
		8C893C22276F6A4100615591 /* AppDelegate.swift */ = {isa = PBXFileReference; lastKnownFileType = sourcecode.swift; path = AppDelegate.swift; sourceTree = "<group>"; };
		8C893C24276F6A4100615591 /* SceneDelegate.swift */ = {isa = PBXFileReference; lastKnownFileType = sourcecode.swift; path = SceneDelegate.swift; sourceTree = "<group>"; };
		8C893C26276F6A4100615591 /* ViewController.swift */ = {isa = PBXFileReference; lastKnownFileType = sourcecode.swift; path = ViewController.swift; sourceTree = "<group>"; };
		8C893C29276F6A4100615591 /* Base */ = {isa = PBXFileReference; lastKnownFileType = file.storyboard; name = Base; path = Base.lproj/Main.storyboard; sourceTree = "<group>"; };
		8C893C2B276F6A4300615591 /* Assets.xcassets */ = {isa = PBXFileReference; lastKnownFileType = folder.assetcatalog; path = Assets.xcassets; sourceTree = "<group>"; };
		8C893C2E276F6A4300615591 /* Base */ = {isa = PBXFileReference; lastKnownFileType = file.storyboard; name = Base; path = Base.lproj/LaunchScreen.storyboard; sourceTree = "<group>"; };
		8C893C30276F6A4300615591 /* Info.plist */ = {isa = PBXFileReference; lastKnownFileType = text.plist.xml; path = Info.plist; sourceTree = "<group>"; };
		8C893C35276F6A4300615591 /* ScreenshotTests.xctest */ = {isa = PBXFileReference; explicitFileType = wrapper.cfbundle; includeInIndex = 0; path = ScreenshotTests.xctest; sourceTree = BUILT_PRODUCTS_DIR; };
		8C893C39276F6A4300615591 /* ScreenshotTests.swift */ = {isa = PBXFileReference; lastKnownFileType = sourcecode.swift; path = ScreenshotTests.swift; sourceTree = "<group>"; };
		8C893C3F276F6A4300615591 /* ScreenshotUITests.xctest */ = {isa = PBXFileReference; explicitFileType = wrapper.cfbundle; includeInIndex = 0; path = ScreenshotUITests.xctest; sourceTree = BUILT_PRODUCTS_DIR; };
		8C893C43276F6A4300615591 /* ScreenshotUITests.swift */ = {isa = PBXFileReference; lastKnownFileType = sourcecode.swift; path = ScreenshotUITests.swift; sourceTree = "<group>"; };
		8C893C45276F6A4300615591 /* ScreenshotUITestsLaunchTests.swift */ = {isa = PBXFileReference; lastKnownFileType = sourcecode.swift; path = ScreenshotUITestsLaunchTests.swift; sourceTree = "<group>"; };
/* End PBXFileReference section */

/* Begin PBXFrameworksBuildPhase section */
		8C893C1C276F6A4100615591 /* Frameworks */ = {
			isa = PBXFrameworksBuildPhase;
			buildActionMask = 2147483647;
			files = (
			);
			runOnlyForDeploymentPostprocessing = 0;
		};
		8C893C32276F6A4300615591 /* Frameworks */ = {
			isa = PBXFrameworksBuildPhase;
			buildActionMask = 2147483647;
			files = (
			);
			runOnlyForDeploymentPostprocessing = 0;
		};
		8C893C3C276F6A4300615591 /* Frameworks */ = {
			isa = PBXFrameworksBuildPhase;
			buildActionMask = 2147483647;
			files = (
			);
			runOnlyForDeploymentPostprocessing = 0;
		};
/* End PBXFrameworksBuildPhase section */

/* Begin PBXGroup section */
		8C893C16276F6A4100615591 = {
			isa = PBXGroup;
			children = (
				8C893C21276F6A4100615591 /* Screenshot */,
				8C893C38276F6A4300615591 /* ScreenshotTests */,
				8C893C42276F6A4300615591 /* ScreenshotUITests */,
				8C893C20276F6A4100615591 /* Products */,
			);
			sourceTree = "<group>";
		};
		8C893C20276F6A4100615591 /* Products */ = {
			isa = PBXGroup;
			children = (
				8C893C1F276F6A4100615591 /* Screenshot.app */,
				8C893C35276F6A4300615591 /* ScreenshotTests.xctest */,
				8C893C3F276F6A4300615591 /* ScreenshotUITests.xctest */,
			);
			name = Products;
			sourceTree = "<group>";
		};
		8C893C21276F6A4100615591 /* Screenshot */ = {
			isa = PBXGroup;
			children = (
				8C893C22276F6A4100615591 /* AppDelegate.swift */,
				8C893C24276F6A4100615591 /* SceneDelegate.swift */,
				8C893C26276F6A4100615591 /* ViewController.swift */,
				8C893C28276F6A4100615591 /* Main.storyboard */,
				8C893C2B276F6A4300615591 /* Assets.xcassets */,
				8C893C2D276F6A4300615591 /* LaunchScreen.storyboard */,
				8C893C30276F6A4300615591 /* Info.plist */,
			);
			path = Screenshot;
			sourceTree = "<group>";
		};
		8C893C38276F6A4300615591 /* ScreenshotTests */ = {
			isa = PBXGroup;
			children = (
				8C893C39276F6A4300615591 /* ScreenshotTests.swift */,
			);
			path = ScreenshotTests;
			sourceTree = "<group>";
		};
		8C893C42276F6A4300615591 /* ScreenshotUITests */ = {
			isa = PBXGroup;
			children = (
				8C893C43276F6A4300615591 /* ScreenshotUITests.swift */,
				8C893C45276F6A4300615591 /* ScreenshotUITestsLaunchTests.swift */,
			);
			path = ScreenshotUITests;
			sourceTree = "<group>";
		};
/* End PBXGroup section */

/* Begin PBXNativeTarget section */
		8C893C1E276F6A4100615591 /* Screenshot */ = {
			isa = PBXNativeTarget;
			buildConfigurationList = 8C893C49276F6A4300615591 /* Build configuration list for PBXNativeTarget "Screenshot" */;
			buildPhases = (
				8C893C1B276F6A4100615591 /* Sources */,
				8C893C1C276F6A4100615591 /* Frameworks */,
				8C893C1D276F6A4100615591 /* Resources */,
			);
			buildRules = (
			);
			dependencies = (
			);
			name = Screenshot;
			productName = Screenshot;
			productReference = 8C893C1F276F6A4100615591 /* Screenshot.app */;
			productType = "com.apple.product-type.application";
		};
		8C893C34276F6A4300615591 /* ScreenshotTests */ = {
			isa = PBXNativeTarget;
			buildConfigurationList = 8C893C4C276F6A4300615591 /* Build configuration list for PBXNativeTarget "ScreenshotTests" */;
			buildPhases = (
				8C893C31276F6A4300615591 /* Sources */,
				8C893C32276F6A4300615591 /* Frameworks */,
				8C893C33276F6A4300615591 /* Resources */,
			);
			buildRules = (
			);
			dependencies = (
				8C893C37276F6A4300615591 /* PBXTargetDependency */,
			);
			name = ScreenshotTests;
			productName = ScreenshotTests;
			productReference = 8C893C35276F6A4300615591 /* ScreenshotTests.xctest */;
			productType = "com.apple.product-type.bundle.unit-test";
		};
		8C893C3E276F6A4300615591 /* ScreenshotUITests */ = {
			isa = PBXNativeTarget;
			buildConfigurationList = 8C893C4F276F6A4300615591 /* Build configuration list for PBXNativeTarget "ScreenshotUITests" */;
			buildPhases = (
				8C893C3B276F6A4300615591 /* Sources */,
				8C893C3C276F6A4300615591 /* Frameworks */,
				8C893C3D276F6A4300615591 /* Resources */,
			);
			buildRules = (
			);
			dependencies = (
				8C893C41276F6A4300615591 /* PBXTargetDependency */,
			);
			name = ScreenshotUITests;
			productName = ScreenshotUITests;
			productReference = 8C893C3F276F6A4300615591 /* ScreenshotUITests.xctest */;
			productType = "com.apple.product-type.bundle.ui-testing";
		};
/* End PBXNativeTarget section */

/* Begin PBXProject section */
		8C893C17276F6A4100615591 /* Project object */ = {
			isa = PBXProject;
			attributes = {
				BuildIndependentTargetsInParallel = 1;
				LastSwiftUpdateCheck = 1320;
				LastUpgradeCheck = 1320;
				TargetAttributes = {
					8C893C1E276F6A4100615591 = {
						CreatedOnToolsVersion = 13.2;
					};
					8C893C34276F6A4300615591 = {
						CreatedOnToolsVersion = 13.2;
						TestTargetID = 8C893C1E276F6A4100615591;
					};
					8C893C3E276F6A4300615591 = {
						CreatedOnToolsVersion = 13.2;
						TestTargetID = 8C893C1E276F6A4100615591;
					};
				};
			};
			buildConfigurationList = 8C893C1A276F6A4100615591 /* Build configuration list for PBXProject "Screenshot" */;
			compatibilityVersion = "Xcode 13.0";
			developmentRegion = en;
			hasScannedForEncodings = 0;
			knownRegions = (
				en,
				Base,
			);
			mainGroup = 8C893C16276F6A4100615591;
			productRefGroup = 8C893C20276F6A4100615591 /* Products */;
			projectDirPath = "";
			projectRoot = "";
			targets = (
				8C893C1E276F6A4100615591 /* Screenshot */,
				8C893C34276F6A4300615591 /* ScreenshotTests */,
				8C893C3E276F6A4300615591 /* ScreenshotUITests */,
			);
		};
/* End PBXProject section */

/* Begin PBXResourcesBuildPhase section */
		8C893C1D276F6A4100615591 /* Resources */ = {
			isa = PBXResourcesBuildPhase;
			buildActionMask = 2147483647;
			files = (
				8C893C2F276F6A4300615591 /* LaunchScreen.storyboard in Resources */,
				8C893C2C276F6A4300615591 /* Assets.xcassets in Resources */,
				8C893C2A276F6A4100615591 /* Main.storyboard in Resources */,
			);
			runOnlyForDeploymentPostprocessing = 0;
		};
		8C893C33276F6A4300615591 /* Resources */ = {
			isa = PBXResourcesBuildPhase;
			buildActionMask = 2147483647;
			files = (
			);
			runOnlyForDeploymentPostprocessing = 0;
		};
		8C893C3D276F6A4300615591 /* Resources */ = {
			isa = PBXResourcesBuildPhase;
			buildActionMask = 2147483647;
			files = (
			);
			runOnlyForDeploymentPostprocessing = 0;
		};
/* End PBXResourcesBuildPhase section */

/* Begin PBXSourcesBuildPhase section */
		8C893C1B276F6A4100615591 /* Sources */ = {
			isa = PBXSourcesBuildPhase;
			buildActionMask = 2147483647;
			files = (
				8C893C27276F6A4100615591 /* ViewController.swift in Sources */,
				8C893C23276F6A4100615591 /* AppDelegate.swift in Sources */,
				8C893C25276F6A4100615591 /* SceneDelegate.swift in Sources */,
			);
			runOnlyForDeploymentPostprocessing = 0;
		};
		8C893C31276F6A4300615591 /* Sources */ = {
			isa = PBXSourcesBuildPhase;
			buildActionMask = 2147483647;
			files = (
				8C893C3A276F6A4300615591 /* ScreenshotTests.swift in Sources */,
			);
			runOnlyForDeploymentPostprocessing = 0;
		};
		8C893C3B276F6A4300615591 /* Sources */ = {
			isa = PBXSourcesBuildPhase;
			buildActionMask = 2147483647;
			files = (
				8C893C46276F6A4300615591 /* ScreenshotUITestsLaunchTests.swift in Sources */,
				8C893C44276F6A4300615591 /* ScreenshotUITests.swift in Sources */,
			);
			runOnlyForDeploymentPostprocessing = 0;
		};
/* End PBXSourcesBuildPhase section */

/* Begin PBXTargetDependency section */
		8C893C37276F6A4300615591 /* PBXTargetDependency */ = {
			isa = PBXTargetDependency;
			target = 8C893C1E276F6A4100615591 /* Screenshot */;
			targetProxy = 8C893C36276F6A4300615591 /* PBXContainerItemProxy */;
		};
		8C893C41276F6A4300615591 /* PBXTargetDependency */ = {
			isa = PBXTargetDependency;
			target = 8C893C1E276F6A4100615591 /* Screenshot */;
			targetProxy = 8C893C40276F6A4300615591 /* PBXContainerItemProxy */;
		};
/* End PBXTargetDependency section */

/* Begin PBXVariantGroup section */
		8C893C28276F6A4100615591 /* Main.storyboard */ = {
			isa = PBXVariantGroup;
			children = (
				8C893C29276F6A4100615591 /* Base */,
			);
			name = Main.storyboard;
			sourceTree = "<group>";
		};
		8C893C2D276F6A4300615591 /* LaunchScreen.storyboard */ = {
			isa = PBXVariantGroup;
			children = (
				8C893C2E276F6A4300615591 /* Base */,
			);
			name = LaunchScreen.storyboard;
			sourceTree = "<group>";
		};
/* End PBXVariantGroup section */

/* Begin XCBuildConfiguration section */
		8C893C47276F6A4300615591 /* Debug */ = {
			isa = XCBuildConfiguration;
			buildSettings = {
				ALWAYS_SEARCH_USER_PATHS = NO;
				CLANG_ANALYZER_NONNULL = YES;
				CLANG_ANALYZER_NUMBER_OBJECT_CONVERSION = YES_AGGRESSIVE;
				CLANG_CXX_LANGUAGE_STANDARD = "gnu++17";
				CLANG_CXX_LIBRARY = "libc++";
				CLANG_ENABLE_MODULES = YES;
				CLANG_ENABLE_OBJC_ARC = YES;
				CLANG_ENABLE_OBJC_WEAK = YES;
				CLANG_WARN_BLOCK_CAPTURE_AUTORELEASING = YES;
				CLANG_WARN_BOOL_CONVERSION = YES;
				CLANG_WARN_COMMA = YES;
				CLANG_WARN_CONSTANT_CONVERSION = YES;
				CLANG_WARN_DEPRECATED_OBJC_IMPLEMENTATIONS = YES;
				CLANG_WARN_DIRECT_OBJC_ISA_USAGE = YES_ERROR;
				CLANG_WARN_DOCUMENTATION_COMMENTS = YES;
				CLANG_WARN_EMPTY_BODY = YES;
				CLANG_WARN_ENUM_CONVERSION = YES;
				CLANG_WARN_INFINITE_RECURSION = YES;
				CLANG_WARN_INT_CONVERSION = YES;
				CLANG_WARN_NON_LITERAL_NULL_CONVERSION = YES;
				CLANG_WARN_OBJC_IMPLICIT_RETAIN_SELF = YES;
				CLANG_WARN_OBJC_LITERAL_CONVERSION = YES;
				CLANG_WARN_OBJC_ROOT_CLASS = YES_ERROR;
				CLANG_WARN_QUOTED_INCLUDE_IN_FRAMEWORK_HEADER = YES;
				CLANG_WARN_RANGE_LOOP_ANALYSIS = YES;
				CLANG_WARN_STRICT_PROTOTYPES = YES;
				CLANG_WARN_SUSPICIOUS_MOVE = YES;
				CLANG_WARN_UNGUARDED_AVAILABILITY = YES_AGGRESSIVE;
				CLANG_WARN_UNREACHABLE_CODE = YES;
				CLANG_WARN__DUPLICATE_METHOD_MATCH = YES;
				COPY_PHASE_STRIP = NO;
				DEBUG_INFORMATION_FORMAT = dwarf;
				ENABLE_STRICT_OBJC_MSGSEND = YES;
				ENABLE_TESTABILITY = YES;
				GCC_C_LANGUAGE_STANDARD = gnu11;
				GCC_DYNAMIC_NO_PIC = NO;
				GCC_NO_COMMON_BLOCKS = YES;
				GCC_OPTIMIZATION_LEVEL = 0;
				GCC_PREPROCESSOR_DEFINITIONS = (
					"DEBUG=1",
					"$(inherited)",
				);
				GCC_WARN_64_TO_32_BIT_CONVERSION = YES;
				GCC_WARN_ABOUT_RETURN_TYPE = YES_ERROR;
				GCC_WARN_UNDECLARED_SELECTOR = YES;
				GCC_WARN_UNINITIALIZED_AUTOS = YES_AGGRESSIVE;
				GCC_WARN_UNUSED_FUNCTION = YES;
				GCC_WARN_UNUSED_VARIABLE = YES;
				IPHONEOS_DEPLOYMENT_TARGET = 15.2;
				MTL_ENABLE_DEBUG_INFO = INCLUDE_SOURCE;
				MTL_FAST_MATH = YES;
				ONLY_ACTIVE_ARCH = YES;
				SDKROOT = iphoneos;
				SWIFT_ACTIVE_COMPILATION_CONDITIONS = DEBUG;
				SWIFT_OPTIMIZATION_LEVEL = "-Onone";
			};
			name = Debug;
		};
		8C893C48276F6A4300615591 /* Release */ = {
			isa = XCBuildConfiguration;
			buildSettings = {
				ALWAYS_SEARCH_USER_PATHS = NO;
				CLANG_ANALYZER_NONNULL = YES;
				CLANG_ANALYZER_NUMBER_OBJECT_CONVERSION = YES_AGGRESSIVE;
				CLANG_CXX_LANGUAGE_STANDARD = "gnu++17";
				CLANG_CXX_LIBRARY = "libc++";
				CLANG_ENABLE_MODULES = YES;
				CLANG_ENABLE_OBJC_ARC = YES;
				CLANG_ENABLE_OBJC_WEAK = YES;
				CLANG_WARN_BLOCK_CAPTURE_AUTORELEASING = YES;
				CLANG_WARN_BOOL_CONVERSION = YES;
				CLANG_WARN_COMMA = YES;
				CLANG_WARN_CONSTANT_CONVERSION = YES;
				CLANG_WARN_DEPRECATED_OBJC_IMPLEMENTATIONS = YES;
				CLANG_WARN_DIRECT_OBJC_ISA_USAGE = YES_ERROR;
				CLANG_WARN_DOCUMENTATION_COMMENTS = YES;
				CLANG_WARN_EMPTY_BODY = YES;
				CLANG_WARN_ENUM_CONVERSION = YES;
				CLANG_WARN_INFINITE_RECURSION = YES;
				CLANG_WARN_INT_CONVERSION = YES;
				CLANG_WARN_NON_LITERAL_NULL_CONVERSION = YES;
				CLANG_WARN_OBJC_IMPLICIT_RETAIN_SELF = YES;
				CLANG_WARN_OBJC_LITERAL_CONVERSION = YES;
				CLANG_WARN_OBJC_ROOT_CLASS = YES_ERROR;
				CLANG_WARN_QUOTED_INCLUDE_IN_FRAMEWORK_HEADER = YES;
				CLANG_WARN_RANGE_LOOP_ANALYSIS = YES;
				CLANG_WARN_STRICT_PROTOTYPES = YES;
				CLANG_WARN_SUSPICIOUS_MOVE = YES;
				CLANG_WARN_UNGUARDED_AVAILABILITY = YES_AGGRESSIVE;
				CLANG_WARN_UNREACHABLE_CODE = YES;
				CLANG_WARN__DUPLICATE_METHOD_MATCH = YES;
				COPY_PHASE_STRIP = NO;
				DEBUG_INFORMATION_FORMAT = "dwarf-with-dsym";
				ENABLE_NS_ASSERTIONS = NO;
				ENABLE_STRICT_OBJC_MSGSEND = YES;
				GCC_C_LANGUAGE_STANDARD = gnu11;
				GCC_NO_COMMON_BLOCKS = YES;
				GCC_WARN_64_TO_32_BIT_CONVERSION = YES;
				GCC_WARN_ABOUT_RETURN_TYPE = YES_ERROR;
				GCC_WARN_UNDECLARED_SELECTOR = YES;
				GCC_WARN_UNINITIALIZED_AUTOS = YES_AGGRESSIVE;
				GCC_WARN_UNUSED_FUNCTION = YES;
				GCC_WARN_UNUSED_VARIABLE = YES;
				IPHONEOS_DEPLOYMENT_TARGET = 15.2;
				MTL_ENABLE_DEBUG_INFO = NO;
				MTL_FAST_MATH = YES;
				SDKROOT = iphoneos;
				SWIFT_COMPILATION_MODE = wholemodule;
				SWIFT_OPTIMIZATION_LEVEL = "-O";
				VALIDATE_PRODUCT = YES;
			};
			name = Release;
		};
		8C893C4A276F6A4300615591 /* Debug */ = {
			isa = XCBuildConfiguration;
			buildSettings = {
				ASSETCATALOG_COMPILER_APPICON_NAME = AppIcon;
				ASSETCATALOG_COMPILER_GLOBAL_ACCENT_COLOR_NAME = AccentColor;
				CODE_SIGN_STYLE = Automatic;
				CURRENT_PROJECT_VERSION = 1;
				GENERATE_INFOPLIST_FILE = YES;
				INFOPLIST_FILE = Screenshot/Info.plist;
				INFOPLIST_KEY_UIApplicationSupportsIndirectInputEvents = YES;
				INFOPLIST_KEY_UILaunchStoryboardName = LaunchScreen;
				INFOPLIST_KEY_UIMainStoryboardFile = Main;
				INFOPLIST_KEY_UISupportedInterfaceOrientations_iPad = "UIInterfaceOrientationPortrait UIInterfaceOrientationPortraitUpsideDown UIInterfaceOrientationLandscapeLeft UIInterfaceOrientationLandscapeRight";
				INFOPLIST_KEY_UISupportedInterfaceOrientations_iPhone = "UIInterfaceOrientationPortrait UIInterfaceOrientationLandscapeLeft UIInterfaceOrientationLandscapeRight";
				LD_RUNPATH_SEARCH_PATHS = (
					"$(inherited)",
					"@executable_path/Frameworks",
				);
				MARKETING_VERSION = 1.0;
				PRODUCT_BUNDLE_IDENTIFIER = BG24x7.Screenshot;
				PRODUCT_NAME = "$(TARGET_NAME)";
				SWIFT_EMIT_LOC_STRINGS = YES;
				SWIFT_VERSION = 5.0;
				TARGETED_DEVICE_FAMILY = "1,2";
			};
			name = Debug;
		};
		8C893C4B276F6A4300615591 /* Release */ = {
			isa = XCBuildConfiguration;
			buildSettings = {
				ASSETCATALOG_COMPILER_APPICON_NAME = AppIcon;
				ASSETCATALOG_COMPILER_GLOBAL_ACCENT_COLOR_NAME = AccentColor;
				CODE_SIGN_STYLE = Automatic;
				CURRENT_PROJECT_VERSION = 1;
				GENERATE_INFOPLIST_FILE = YES;
				INFOPLIST_FILE = Screenshot/Info.plist;
				INFOPLIST_KEY_UIApplicationSupportsIndirectInputEvents = YES;
				INFOPLIST_KEY_UILaunchStoryboardName = LaunchScreen;
				INFOPLIST_KEY_UIMainStoryboardFile = Main;
				INFOPLIST_KEY_UISupportedInterfaceOrientations_iPad = "UIInterfaceOrientationPortrait UIInterfaceOrientationPortraitUpsideDown UIInterfaceOrientationLandscapeLeft UIInterfaceOrientationLandscapeRight";
				INFOPLIST_KEY_UISupportedInterfaceOrientations_iPhone = "UIInterfaceOrientationPortrait UIInterfaceOrientationLandscapeLeft UIInterfaceOrientationLandscapeRight";
				LD_RUNPATH_SEARCH_PATHS = (
					"$(inherited)",
					"@executable_path/Frameworks",
				);
				MARKETING_VERSION = 1.0;
				PRODUCT_BUNDLE_IDENTIFIER = BG24x7.Screenshot;
				PRODUCT_NAME = "$(TARGET_NAME)";
				SWIFT_EMIT_LOC_STRINGS = YES;
				SWIFT_VERSION = 5.0;
				TARGETED_DEVICE_FAMILY = "1,2";
			};
			name = Release;
		};
		8C893C4D276F6A4300615591 /* Debug */ = {
			isa = XCBuildConfiguration;
			buildSettings = {
				ALWAYS_EMBED_SWIFT_STANDARD_LIBRARIES = YES;
				BUNDLE_LOADER = "$(TEST_HOST)";
				CODE_SIGN_STYLE = Automatic;
				CURRENT_PROJECT_VERSION = 1;
				GENERATE_INFOPLIST_FILE = YES;
				IPHONEOS_DEPLOYMENT_TARGET = 15.2;
				MARKETING_VERSION = 1.0;
				PRODUCT_BUNDLE_IDENTIFIER = BG24x7.ScreenshotTests;
				PRODUCT_NAME = "$(TARGET_NAME)";
				SWIFT_EMIT_LOC_STRINGS = NO;
				SWIFT_VERSION = 5.0;
				TARGETED_DEVICE_FAMILY = "1,2";
				TEST_HOST = "$(BUILT_PRODUCTS_DIR)/Screenshot.app/Screenshot";
			};
			name = Debug;
		};
		8C893C4E276F6A4300615591 /* Release */ = {
			isa = XCBuildConfiguration;
			buildSettings = {
				ALWAYS_EMBED_SWIFT_STANDARD_LIBRARIES = YES;
				BUNDLE_LOADER = "$(TEST_HOST)";
				CODE_SIGN_STYLE = Automatic;
				CURRENT_PROJECT_VERSION = 1;
				GENERATE_INFOPLIST_FILE = YES;
				IPHONEOS_DEPLOYMENT_TARGET = 15.2;
				MARKETING_VERSION = 1.0;
				PRODUCT_BUNDLE_IDENTIFIER = BG24x7.ScreenshotTests;
				PRODUCT_NAME = "$(TARGET_NAME)";
				SWIFT_EMIT_LOC_STRINGS = NO;
				SWIFT_VERSION = 5.0;
				TARGETED_DEVICE_FAMILY = "1,2";
				TEST_HOST = "$(BUILT_PRODUCTS_DIR)/Screenshot.app/Screenshot";
			};
			name = Release;
		};
		8C893C50276F6A4300615591 /* Debug */ = {
			isa = XCBuildConfiguration;
			buildSettings = {
				ALWAYS_EMBED_SWIFT_STANDARD_LIBRARIES = YES;
				CODE_SIGN_STYLE = Automatic;
				CURRENT_PROJECT_VERSION = 1;
				GENERATE_INFOPLIST_FILE = YES;
				MARKETING_VERSION = 1.0;
				PRODUCT_BUNDLE_IDENTIFIER = BG24x7.ScreenshotUITests;
				PRODUCT_NAME = "$(TARGET_NAME)";
				SWIFT_EMIT_LOC_STRINGS = NO;
				SWIFT_VERSION = 5.0;
				TARGETED_DEVICE_FAMILY = "1,2";
				TEST_TARGET_NAME = Screenshot;
			};
			name = Debug;
		};
		8C893C51276F6A4300615591 /* Release */ = {
			isa = XCBuildConfiguration;
			buildSettings = {
				ALWAYS_EMBED_SWIFT_STANDARD_LIBRARIES = YES;
				CODE_SIGN_STYLE = Automatic;
				CURRENT_PROJECT_VERSION = 1;
				GENERATE_INFOPLIST_FILE = YES;
				MARKETING_VERSION = 1.0;
				PRODUCT_BUNDLE_IDENTIFIER = BG24x7.ScreenshotUITests;
				PRODUCT_NAME = "$(TARGET_NAME)";
				SWIFT_EMIT_LOC_STRINGS = NO;
				SWIFT_VERSION = 5.0;
				TARGETED_DEVICE_FAMILY = "1,2";
				TEST_TARGET_NAME = Screenshot;
			};
			name = Release;
		};
/* End XCBuildConfiguration section */

/* Begin XCConfigurationList section */
		8C893C1A276F6A4100615591 /* Build configuration list for PBXProject "Screenshot" */ = {
			isa = XCConfigurationList;
			buildConfigurations = (
				8C893C47276F6A4300615591 /* Debug */,
				8C893C48276F6A4300615591 /* Release */,
			);
			defaultConfigurationIsVisible = 0;
			defaultConfigurationName = Release;
		};
		8C893C49276F6A4300615591 /* Build configuration list for PBXNativeTarget "Screenshot" */ = {
			isa = XCConfigurationList;
			buildConfigurations = (
				8C893C4A276F6A4300615591 /* Debug */,
				8C893C4B276F6A4300615591 /* Release */,
			);
			defaultConfigurationIsVisible = 0;
			defaultConfigurationName = Release;
		};
		8C893C4C276F6A4300615591 /* Build configuration list for PBXNativeTarget "ScreenshotTests" */ = {
			isa = XCConfigurationList;
			buildConfigurations = (
				8C893C4D276F6A4300615591 /* Debug */,
				8C893C4E276F6A4300615591 /* Release */,
			);
			defaultConfigurationIsVisible = 0;
			defaultConfigurationName = Release;
		};
		8C893C4F276F6A4300615591 /* Build configuration list for PBXNativeTarget "ScreenshotUITests" */ = {
			isa = XCConfigurationList;
			buildConfigurations = (
				8C893C50276F6A4300615591 /* Debug */,
				8C893C51276F6A4300615591 /* Release */,
			);
			defaultConfigurationIsVisible = 0;
			defaultConfigurationName = Release;
		};
/* End XCConfigurationList section */
	};
	rootObject = 8C893C17276F6A4100615591 /* Project object */;
}
